# This file is automatically @generated by Poetry 1.8.4 and should not be changed by hand.

[[package]]
name = "run-leetcode-solutions"
version = "1.1.7"
description = ""
optional = false
python-versions = "^3.12"
files = []
develop = false

[package.source]
type = "git"
url = "https://github.com/shahsad-kp/run-leetcode-solutions.git"
reference = "HEAD"
resolved_reference = "df296e29e40e56e41e57132f1b8df5cecbbf95d2"

[metadata]
lock-version = "2.0"
python-versions = "^3.12"
content-hash = "cd15e2f27416d7a77929e2b029c853e7f2233cc7cba2440fdb3d2a7c3154a997"
