# This file is automatically @generated by Poetry 1.8.4 and should not be changed by hand.

[[package]]
name = "run-leetcode-solutions"
version = "0.1.0"
description = ""
optional = false
python-versions = "^3.12"
files = []
develop = false

[package.source]
type = "git"
url = "https://github.com/shahsad-kp/run-leetcode-solutions.git"
reference = "v1.1.4"
resolved_reference = "c915208cf8f90c35ff7f87df0196b3544573dd64"

[metadata]
lock-version = "2.0"
python-versions = "^3.12"
content-hash = "c1e5cca64cc826c25d25bc2461beb6f578c6b2838777678b5a45af7a601129c9"
